
Microsoft Visual Studio Solution File, Format Version 12.00
# Visual Studio 15
Project("{FAE04EC0-301F-11D3-BF4B-00C04F79EFBC}") = "OJ_Practice", "OJ_Practice\OJ_Practice.csproj", "{E2362650-9C5B-416A-9586-6020F86654DF}"
EndProject
Global
	GlobalSection(SolutionConfigurationPlatforms) = preSolution
		Debug|x86 = Debug|x86
		Release|x86 = Release|x86
	EndGlobalSection
	GlobalSection(ProjectConfigurationPlatforms) = postSolution
		{E2362650-9C5B-416A-9586-6020F86654DF}.Debug|x86.ActiveCfg = Debug|x86
		{E2362650-9C5B-416A-9586-6020F86654DF}.Debug|x86.Build.0 = Debug|x86
		{E2362650-9C5B-416A-9586-6020F86654DF}.Release|x86.ActiveCfg = Release|x86
		{E2362650-9C5B-416A-9586-6020F86654DF}.Release|x86.Build.0 = Release|x86
	EndGlobalSection
EndGlobal
